
Microsoft Visual Studio Solution File, Format Version 12.00
# Visual Studio Version 17
VisualStudioVersion = 17.13.35825.156
MinimumVisualStudioVersion = 10.0.40219.1
Project("{2150E333-8FDC-42A3-9474-1A3956D46DE8}") = "Core", "Core", "{02EA681E-C7D8-13C7-8484-4AC65E1B71E8}"
EndProject
Project("{2150E333-8FDC-42A3-9474-1A3956D46DE8}") = "Infrasturucture", "Infrasturucture", "{E02B1535-5332-47C2-9D36-75E82FF87AE2}"
EndProject
Project("{2150E333-8FDC-42A3-9474-1A3956D46DE8}") = "Presentation", "Presentation", "{A6076FF0-4B99-491D-8DA2-A720D81E98CA}"
EndProject
Project("{2150E333-8FDC-42A3-9474-1A3956D46DE8}") = "Commen", "Commen", "{906BF7D9-F117-45F6-918A-D3117D346A89}"
EndProject
Project("{FAE04EC0-301F-11D3-BF4B-00C04F79EFBC}") = "Application", "Core\Application\Application.csproj", "{59D96A50-CF5C-4DE6-ABD5-D9C881D15F5F}"
EndProject
Project("{FAE04EC0-301F-11D3-BF4B-00C04F79EFBC}") = "Domain", "Core\Domain\Domain.csproj", "{9C92F36C-332C-497C-9EE0-4D707BC969DC}"
EndProject
Project("{FAE04EC0-301F-11D3-BF4B-00C04F79EFBC}") = "Persistence", "Infrasturucture\Persistence\Persistence.csproj", "{C3C463EA-3C8F-4564-B590-19E42B7B41A5}"
EndProject
Project("{FAE04EC0-301F-11D3-BF4B-00C04F79EFBC}") = "WebApi", "Presentation\WebApi\WebApi.csproj", "{3831A4DB-3B37-4BCF-AD86-179773B65D4F}"
EndProject
Project("{FAE04EC0-301F-11D3-BF4B-00C04F79EFBC}") = "WebApp", "Presentation\WebApp\WebApp.csproj", "{BA0BC103-1CD9-42DE-B70F-59B4CCC43539}"
EndProject
Global
	GlobalSection(SolutionConfigurationPlatforms) = preSolution
		Debug|Any CPU = Debug|Any CPU
		Release|Any CPU = Release|Any CPU
	EndGlobalSection
	GlobalSection(ProjectConfigurationPlatforms) = postSolution
		{59D96A50-CF5C-4DE6-ABD5-D9C881D15F5F}.Debug|Any CPU.ActiveCfg = Debug|Any CPU
		{59D96A50-CF5C-4DE6-ABD5-D9C881D15F5F}.Debug|Any CPU.Build.0 = Debug|Any CPU
		{59D96A50-CF5C-4DE6-ABD5-D9C881D15F5F}.Release|Any CPU.ActiveCfg = Release|Any CPU
		{59D96A50-CF5C-4DE6-ABD5-D9C881D15F5F}.Release|Any CPU.Build.0 = Release|Any CPU
		{9C92F36C-332C-497C-9EE0-4D707BC969DC}.Debug|Any CPU.ActiveCfg = Debug|Any CPU
		{9C92F36C-332C-497C-9EE0-4D707BC969DC}.Debug|Any CPU.Build.0 = Debug|Any CPU
		{9C92F36C-332C-497C-9EE0-4D707BC969DC}.Release|Any CPU.ActiveCfg = Release|Any CPU
		{9C92F36C-332C-497C-9EE0-4D707BC969DC}.Release|Any CPU.Build.0 = Release|Any CPU
		{C3C463EA-3C8F-4564-B590-19E42B7B41A5}.Debug|Any CPU.ActiveCfg = Debug|Any CPU
		{C3C463EA-3C8F-4564-B590-19E42B7B41A5}.Debug|Any CPU.Build.0 = Debug|Any CPU
		{C3C463EA-3C8F-4564-B590-19E42B7B41A5}.Release|Any CPU.ActiveCfg = Release|Any CPU
		{C3C463EA-3C8F-4564-B590-19E42B7B41A5}.Release|Any CPU.Build.0 = Release|Any CPU
		{3831A4DB-3B37-4BCF-AD86-179773B65D4F}.Debug|Any CPU.ActiveCfg = Debug|Any CPU
		{3831A4DB-3B37-4BCF-AD86-179773B65D4F}.Debug|Any CPU.Build.0 = Debug|Any CPU
		{3831A4DB-3B37-4BCF-AD86-179773B65D4F}.Release|Any CPU.ActiveCfg = Release|Any CPU
		{3831A4DB-3B37-4BCF-AD86-179773B65D4F}.Release|Any CPU.Build.0 = Release|Any CPU
		{BA0BC103-1CD9-42DE-B70F-59B4CCC43539}.Debug|Any CPU.ActiveCfg = Debug|Any CPU
		{BA0BC103-1CD9-42DE-B70F-59B4CCC43539}.Debug|Any CPU.Build.0 = Debug|Any CPU
		{BA0BC103-1CD9-42DE-B70F-59B4CCC43539}.Release|Any CPU.ActiveCfg = Release|Any CPU
		{BA0BC103-1CD9-42DE-B70F-59B4CCC43539}.Release|Any CPU.Build.0 = Release|Any CPU
	EndGlobalSection
	GlobalSection(SolutionProperties) = preSolution
		HideSolutionNode = FALSE
	EndGlobalSection
	GlobalSection(NestedProjects) = preSolution
		{59D96A50-CF5C-4DE6-ABD5-D9C881D15F5F} = {02EA681E-C7D8-13C7-8484-4AC65E1B71E8}
		{9C92F36C-332C-497C-9EE0-4D707BC969DC} = {02EA681E-C7D8-13C7-8484-4AC65E1B71E8}
		{C3C463EA-3C8F-4564-B590-19E42B7B41A5} = {E02B1535-5332-47C2-9D36-75E82FF87AE2}
		{3831A4DB-3B37-4BCF-AD86-179773B65D4F} = {A6076FF0-4B99-491D-8DA2-A720D81E98CA}
		{BA0BC103-1CD9-42DE-B70F-59B4CCC43539} = {A6076FF0-4B99-491D-8DA2-A720D81E98CA}
	EndGlobalSection
	GlobalSection(ExtensibilityGlobals) = postSolution
		SolutionGuid = {5B1CBFE7-7A6D-4D2E-AF21-21825D3B3811}
	EndGlobalSection
EndGlobal
